// !$*UTF8*$!
{
	archiveVersion = 1;
	classes = {
	};
	objectVersion = 50;
	objects = {

/* Begin PBXBuildFile section */
		2CDD8ACD38D8A7CC85B764CF /* libPods-RaHPlateKeyboard.a in Frameworks */ = {isa = PBXBuildFile; fileRef = C1D7BC3FD704682DB16317D3 /* libPods-RaHPlateKeyboard.a */; };
		5F9DBF11229ED40D00E2777B /* AppDelegate.m in Sources */ = {isa = PBXBuildFile; fileRef = 5F9DBF10229ED40D00E2777B /* AppDelegate.m */; };
		5F9DBF14229ED40D00E2777B /* ViewController.m in Sources */ = {isa = PBXBuildFile; fileRef = 5F9DBF13229ED40D00E2777B /* ViewController.m */; };
		5F9DBF19229ED41100E2777B /* Assets.xcassets in Resources */ = {isa = PBXBuildFile; fileRef = 5F9DBF18229ED41100E2777B /* Assets.xcassets */; };
		5F9DBF1C229ED41100E2777B /* LaunchScreen.storyboard in Resources */ = {isa = PBXBuildFile; fileRef = 5F9DBF1A229ED41100E2777B /* LaunchScreen.storyboard */; };
		5F9DBF1F229ED41100E2777B /* main.m in Sources */ = {isa = PBXBuildFile; fileRef = 5F9DBF1E229ED41100E2777B /* main.m */; };
/* End PBXBuildFile section */

/* Begin PBXFileReference section */
		5F9DBF0C229ED40D00E2777B /* RaHPlateKeyboard.app */ = {isa = PBXFileReference; explicitFileType = wrapper.application; includeInIndex = 0; path = RaHPlateKeyboard.app; sourceTree = BUILT_PRODUCTS_DIR; };
		5F9DBF0F229ED40D00E2777B /* AppDelegate.h */ = {isa = PBXFileReference; lastKnownFileType = sourcecode.c.h; path = AppDelegate.h; sourceTree = "<group>"; };
		5F9DBF10229ED40D00E2777B /* AppDelegate.m */ = {isa = PBXFileReference; lastKnownFileType = sourcecode.c.objc; path = AppDelegate.m; sourceTree = "<group>"; };
		5F9DBF12229ED40D00E2777B /* ViewController.h */ = {isa = PBXFileReference; lastKnownFileType = sourcecode.c.h; path = ViewController.h; sourceTree = "<group>"; };
		5F9DBF13229ED40D00E2777B /* ViewController.m */ = {isa = PBXFileReference; lastKnownFileType = sourcecode.c.objc; path = ViewController.m; sourceTree = "<group>"; };
		5F9DBF18229ED41100E2777B /* Assets.xcassets */ = {isa = PBXFileReference; lastKnownFileType = folder.assetcatalog; path = Assets.xcassets; sourceTree = "<group>"; };
		5F9DBF1B229ED41100E2777B /* Base */ = {isa = PBXFileReference; lastKnownFileType = file.storyboard; name = Base; path = Base.lproj/LaunchScreen.storyboard; sourceTree = "<group>"; };
		5F9DBF1D229ED41100E2777B /* Info.plist */ = {isa = PBXFileReference; lastKnownFileType = text.plist.xml; path = Info.plist; sourceTree = "<group>"; };
		5F9DBF1E229ED41100E2777B /* main.m */ = {isa = PBXFileReference; lastKnownFileType = sourcecode.c.objc; path = main.m; sourceTree = "<group>"; };
		7148762EAFFB1BCA113C7102 /* Pods-RaHPlateKeyboard.debug.xcconfig */ = {isa = PBXFileReference; includeInIndex = 1; lastKnownFileType = text.xcconfig; name = "Pods-RaHPlateKeyboard.debug.xcconfig"; path = "Pods/Target Support Files/Pods-RaHPlateKeyboard/Pods-RaHPlateKeyboard.debug.xcconfig"; sourceTree = "<group>"; };
		9EC08AB9ECF671158DA2A9D3 /* Pods-RaHPlateKeyboard.release.xcconfig */ = {isa = PBXFileReference; includeInIndex = 1; lastKnownFileType = text.xcconfig; name = "Pods-RaHPlateKeyboard.release.xcconfig"; path = "Pods/Target Support Files/Pods-RaHPlateKeyboard/Pods-RaHPlateKeyboard.release.xcconfig"; sourceTree = "<group>"; };
		C1D7BC3FD704682DB16317D3 /* libPods-RaHPlateKeyboard.a */ = {isa = PBXFileReference; explicitFileType = archive.ar; includeInIndex = 0; path = "libPods-RaHPlateKeyboard.a"; sourceTree = BUILT_PRODUCTS_DIR; };
/* End PBXFileReference section */

/* Begin PBXFrameworksBuildPhase section */
		5F9DBF09229ED40D00E2777B /* Frameworks */ = {
			isa = PBXFrameworksBuildPhase;
			buildActionMask = 2147483647;
			files = (
				2CDD8ACD38D8A7CC85B764CF /* libPods-RaHPlateKeyboard.a in Frameworks */,
			);
			runOnlyForDeploymentPostprocessing = 0;
		};
/* End PBXFrameworksBuildPhase section */

/* Begin PBXGroup section */
		1E012EE951330E1847A16AD3 /* Pods */ = {
			isa = PBXGroup;
			children = (
				7148762EAFFB1BCA113C7102 /* Pods-RaHPlateKeyboard.debug.xcconfig */,
				9EC08AB9ECF671158DA2A9D3 /* Pods-RaHPlateKeyboard.release.xcconfig */,
			);
			name = Pods;
			sourceTree = "<group>";
		};
		4462B370CCB79578A84B6D0B /* Frameworks */ = {
			isa = PBXGroup;
			children = (
				C1D7BC3FD704682DB16317D3 /* libPods-RaHPlateKeyboard.a */,
			);
			name = Frameworks;
			sourceTree = "<group>";
		};
		5F9DBF03229ED40D00E2777B = {
			isa = PBXGroup;
			children = (
				5F9DBF0E229ED40D00E2777B /* RaHPlateKeyboard */,
				5F9DBF0D229ED40D00E2777B /* Products */,
				1E012EE951330E1847A16AD3 /* Pods */,
				4462B370CCB79578A84B6D0B /* Frameworks */,
			);
			sourceTree = "<group>";
		};
		5F9DBF0D229ED40D00E2777B /* Products */ = {
			isa = PBXGroup;
			children = (
				5F9DBF0C229ED40D00E2777B /* RaHPlateKeyboard.app */,
			);
			name = Products;
			sourceTree = "<group>";
		};
		5F9DBF0E229ED40D00E2777B /* RaHPlateKeyboard */ = {
			isa = PBXGroup;
			children = (
				5F9DBF0F229ED40D00E2777B /* AppDelegate.h */,
				5F9DBF10229ED40D00E2777B /* AppDelegate.m */,
				5F9DBF12229ED40D00E2777B /* ViewController.h */,
				5F9DBF13229ED40D00E2777B /* ViewController.m */,
				5F9DBF18229ED41100E2777B /* Assets.xcassets */,
				5F9DBF1A229ED41100E2777B /* LaunchScreen.storyboard */,
				5F9DBF1D229ED41100E2777B /* Info.plist */,
				5F9DBF1E229ED41100E2777B /* main.m */,
			);
			path = RaHPlateKeyboard;
			sourceTree = "<group>";
		};
/* End PBXGroup section */

/* Begin PBXNativeTarget section */
		5F9DBF0B229ED40D00E2777B /* RaHPlateKeyboard */ = {
			isa = PBXNativeTarget;
			buildConfigurationList = 5F9DBF22229ED41100E2777B /* Build configuration list for PBXNativeTarget "RaHPlateKeyboard" */;
			buildPhases = (
				9EE18EA83E6DFEA42542EBE7 /* [CP] Check Pods Manifest.lock */,
				5F9DBF08229ED40D00E2777B /* Sources */,
				5F9DBF09229ED40D00E2777B /* Frameworks */,
				5F9DBF0A229ED40D00E2777B /* Resources */,
				43A1127A02B627075A63ACE6 /* [CP] Copy Pods Resources */,
			);
			buildRules = (
			);
			dependencies = (
			);
			name = RaHPlateKeyboard;
			productName = RaHPlateKeyboard;
			productReference = 5F9DBF0C229ED40D00E2777B /* RaHPlateKeyboard.app */;
			productType = "com.apple.product-type.application";
		};
/* End PBXNativeTarget section */

/* Begin PBXProject section */
		5F9DBF04229ED40D00E2777B /* Project object */ = {
			isa = PBXProject;
			attributes = {
				LastUpgradeCheck = 1020;
				ORGANIZATIONNAME = ROOSTERLIN;
				TargetAttributes = {
					5F9DBF0B229ED40D00E2777B = {
						CreatedOnToolsVersion = 10.2.1;
					};
				};
			};
			buildConfigurationList = 5F9DBF07229ED40D00E2777B /* Build configuration list for PBXProject "RaHPlateKeyboard" */;
			compatibilityVersion = "Xcode 9.3";
			developmentRegion = en;
			hasScannedForEncodings = 0;
			knownRegions = (
				en,
				Base,
			);
			mainGroup = 5F9DBF03229ED40D00E2777B;
			productRefGroup = 5F9DBF0D229ED40D00E2777B /* Products */;
			projectDirPath = "";
			projectRoot = "";
			targets = (
				5F9DBF0B229ED40D00E2777B /* RaHPlateKeyboard */,
			);
		};
/* End PBXProject section */

/* Begin PBXResourcesBuildPhase section */
		5F9DBF0A229ED40D00E2777B /* Resources */ = {
			isa = PBXResourcesBuildPhase;
			buildActionMask = 2147483647;
			files = (
				5F9DBF1C229ED41100E2777B /* LaunchScreen.storyboard in Resources */,
				5F9DBF19229ED41100E2777B /* Assets.xcassets in Resources */,
			);
			runOnlyForDeploymentPostprocessing = 0;
		};
/* End PBXResourcesBuildPhase section */

/* Begin PBXShellScriptBuildPhase section */
		43A1127A02B627075A63ACE6 /* [CP] Copy Pods Resources */ = {
			isa = PBXShellScriptBuildPhase;
			buildActionMask = 2147483647;
			files = (
			);
			inputFileListPaths = (
			);
			inputPaths = (
				"${PODS_ROOT}/Target Support Files/Pods-RaHPlateKeyboard/Pods-RaHPlateKeyboard-resources.sh",
				"${PODS_ROOT}/../PlateKeyboard/Assets/plate-keyboard.json",
				"${PODS_ROOT}/../PlateKeyboard/Assets/plate-keyboard_resource_delete.png",
				"${PODS_ROOT}/../PlateKeyboard/Assets/plate-keyboard_resource_delete@2x.png",
				"${PODS_ROOT}/../PlateKeyboard/Assets/plate-keyboard_resource_delete@3x.png",
				"${PODS_ROOT}/../PlateKeyboard/Assets/plate-keyboard_resource_keyboard_pop@2x.png",
				"${PODS_ROOT}/../PlateKeyboard/Assets/plate-keyboard_resource_keyboard_pop@3x.png",
				"${PODS_ROOT}/../PlateKeyboard/Assets/plate-keyboard_resource_keyboard_pop_left@2x.png",
				"${PODS_ROOT}/../PlateKeyboard/Assets/plate-keyboard_resource_keyboard_pop_left@3x.png",
				"${PODS_ROOT}/../PlateKeyboard/Assets/plate-keyboard_resource_keyboard_pop_right@2x.png",
				"${PODS_ROOT}/../PlateKeyboard/Assets/plate-keyboard_resource_keyboard_pop_right@3x.png",
				"${PODS_ROOT}/../PlateKeyboard/Assets/plate-keyboard_resource_round_background.png",
				"${PODS_ROOT}/../PlateKeyboard/Assets/plate-keyboard_resource_round_background@2x.png",
				"${PODS_ROOT}/../PlateKeyboard/Assets/plate-keyboard_resource_round_background@3x.png",
				"${PODS_ROOT}/../PlateKeyboard/Assets/plate-keyboard_resource_shift_h.png",
				"${PODS_ROOT}/../PlateKeyboard/Assets/plate-keyboard_resource_shift_h@2x.png",
				"${PODS_ROOT}/../PlateKeyboard/Assets/plate-keyboard_resource_shift_h@3x.png",
				"${PODS_ROOT}/../PlateKeyboard/Assets/plate-keyboard_resource_shift_n.png",
				"${PODS_ROOT}/../PlateKeyboard/Assets/plate-keyboard_resource_shift_n@2x.png",
				"${PODS_ROOT}/../PlateKeyboard/Assets/plate-keyboard_resource_shift_n@3x.png",
				"${PODS_ROOT}/SVProgressHUD/SVProgressHUD/SVProgressHUD.bundle",
			);
			name = "[CP] Copy Pods Resources";
			outputFileListPaths = (
			);
			outputPaths = (
				"${TARGET_BUILD_DIR}/${UNLOCALIZED_RESOURCES_FOLDER_PATH}/plate-keyboard.json",
				"${TARGET_BUILD_DIR}/${UNLOCALIZED_RESOURCES_FOLDER_PATH}/plate-keyboard_resource_delete.png",
				"${TARGET_BUILD_DIR}/${UNLOCALIZED_RESOURCES_FOLDER_PATH}/plate-keyboard_resource_delete@2x.png",
				"${TARGET_BUILD_DIR}/${UNLOCALIZED_RESOURCES_FOLDER_PATH}/plate-keyboard_resource_delete@3x.png",
				"${TARGET_BUILD_DIR}/${UNLOCALIZED_RESOURCES_FOLDER_PATH}/plate-keyboard_resource_keyboard_pop@2x.png",
				"${TARGET_BUILD_DIR}/${UNLOCALIZED_RESOURCES_FOLDER_PATH}/plate-keyboard_resource_keyboard_pop@3x.png",
				"${TARGET_BUILD_DIR}/${UNLOCALIZED_RESOURCES_FOLDER_PATH}/plate-keyboard_resource_keyboard_pop_left@2x.png",
				"${TARGET_BUILD_DIR}/${UNLOCALIZED_RESOURCES_FOLDER_PATH}/plate-keyboard_resource_keyboard_pop_left@3x.png",
				"${TARGET_BUILD_DIR}/${UNLOCALIZED_RESOURCES_FOLDER_PATH}/plate-keyboard_resource_keyboard_pop_right@2x.png",
				"${TARGET_BUILD_DIR}/${UNLOCALIZED_RESOURCES_FOLDER_PATH}/plate-keyboard_resource_keyboard_pop_right@3x.png",
				"${TARGET_BUILD_DIR}/${UNLOCALIZED_RESOURCES_FOLDER_PATH}/plate-keyboard_resource_round_background.png",
				"${TARGET_BUILD_DIR}/${UNLOCALIZED_RESOURCES_FOLDER_PATH}/plate-keyboard_resource_round_background@2x.png",
				"${TARGET_BUILD_DIR}/${UNLOCALIZED_RESOURCES_FOLDER_PATH}/plate-keyboard_resource_round_background@3x.png",
				"${TARGET_BUILD_DIR}/${UNLOCALIZED_RESOURCES_FOLDER_PATH}/plate-keyboard_resource_shift_h.png",
				"${TARGET_BUILD_DIR}/${UNLOCALIZED_RESOURCES_FOLDER_PATH}/plate-keyboard_resource_shift_h@2x.png",
				"${TARGET_BUILD_DIR}/${UNLOCALIZED_RESOURCES_FOLDER_PATH}/plate-keyboard_resource_shift_h@3x.png",
				"${TARGET_BUILD_DIR}/${UNLOCALIZED_RESOURCES_FOLDER_PATH}/plate-keyboard_resource_shift_n.png",
				"${TARGET_BUILD_DIR}/${UNLOCALIZED_RESOURCES_FOLDER_PATH}/plate-keyboard_resource_shift_n@2x.png",
				"${TARGET_BUILD_DIR}/${UNLOCALIZED_RESOURCES_FOLDER_PATH}/plate-keyboard_resource_shift_n@3x.png",
				"${TARGET_BUILD_DIR}/${UNLOCALIZED_RESOURCES_FOLDER_PATH}/SVProgressHUD.bundle",
			);
			runOnlyForDeploymentPostprocessing = 0;
			shellPath = /bin/sh;
			shellScript = "\"${PODS_ROOT}/Target Support Files/Pods-RaHPlateKeyboard/Pods-RaHPlateKeyboard-resources.sh\"\n";
			showEnvVarsInLog = 0;
		};
		9EE18EA83E6DFEA42542EBE7 /* [CP] Check Pods Manifest.lock */ = {
			isa = PBXShellScriptBuildPhase;
			buildActionMask = 2147483647;
			files = (
			);
			inputPaths = (
				"${PODS_PODFILE_DIR_PATH}/Podfile.lock",
				"${PODS_ROOT}/Manifest.lock",
			);
			name = "[CP] Check Pods Manifest.lock";
			outputPaths = (
				"$(DERIVED_FILE_DIR)/Pods-RaHPlateKeyboard-checkManifestLockResult.txt",
			);
			runOnlyForDeploymentPostprocessing = 0;
			shellPath = /bin/sh;
			shellScript = "diff \"${PODS_PODFILE_DIR_PATH}/Podfile.lock\" \"${PODS_ROOT}/Manifest.lock\" > /dev/null\nif [ $? != 0 ] ; then\n    # print error to STDERR\n    echo \"error: The sandbox is not in sync with the Podfile.lock. Run 'pod install' or update your CocoaPods installation.\" >&2\n    exit 1\nfi\n# This output is used by Xcode 'outputs' to avoid re-running this script phase.\necho \"SUCCESS\" > \"${SCRIPT_OUTPUT_FILE_0}\"\n";
			showEnvVarsInLog = 0;
		};
/* End PBXShellScriptBuildPhase section */

/* Begin PBXSourcesBuildPhase section */
		5F9DBF08229ED40D00E2777B /* Sources */ = {
			isa = PBXSourcesBuildPhase;
			buildActionMask = 2147483647;
			files = (
				5F9DBF14229ED40D00E2777B /* ViewController.m in Sources */,
				5F9DBF1F229ED41100E2777B /* main.m in Sources */,
				5F9DBF11229ED40D00E2777B /* AppDelegate.m in Sources */,
			);
			runOnlyForDeploymentPostprocessing = 0;
		};
/* End PBXSourcesBuildPhase section */

/* Begin PBXVariantGroup section */
		5F9DBF1A229ED41100E2777B /* LaunchScreen.storyboard */ = {
			isa = PBXVariantGroup;
			children = (
				5F9DBF1B229ED41100E2777B /* Base */,
			);
			name = LaunchScreen.storyboard;
			sourceTree = "<group>";
		};
/* End PBXVariantGroup section */

/* Begin XCBuildConfiguration section */
		5F9DBF20229ED41100E2777B /* Debug */ = {
			isa = XCBuildConfiguration;
			buildSettings = {
				ALWAYS_SEARCH_USER_PATHS = NO;
				CLANG_ANALYZER_NONNULL = YES;
				CLANG_ANALYZER_NUMBER_OBJECT_CONVERSION = YES_AGGRESSIVE;
				CLANG_CXX_LANGUAGE_STANDARD = "gnu++14";
				CLANG_CXX_LIBRARY = "libc++";
				CLANG_ENABLE_MODULES = YES;
				CLANG_ENABLE_OBJC_ARC = YES;
				CLANG_ENABLE_OBJC_WEAK = YES;
				CLANG_WARN_BLOCK_CAPTURE_AUTORELEASING = YES;
				CLANG_WARN_BOOL_CONVERSION = YES;
				CLANG_WARN_COMMA = YES;
				CLANG_WARN_CONSTANT_CONVERSION = YES;
				CLANG_WARN_DEPRECATED_OBJC_IMPLEMENTATIONS = YES;
				CLANG_WARN_DIRECT_OBJC_ISA_USAGE = YES_ERROR;
				CLANG_WARN_DOCUMENTATION_COMMENTS = YES;
				CLANG_WARN_EMPTY_BODY = YES;
				CLANG_WARN_ENUM_CONVERSION = YES;
				CLANG_WARN_INFINITE_RECURSION = YES;
				CLANG_WARN_INT_CONVERSION = YES;
				CLANG_WARN_NON_LITERAL_NULL_CONVERSION = YES;
				CLANG_WARN_OBJC_IMPLICIT_RETAIN_SELF = YES;
				CLANG_WARN_OBJC_LITERAL_CONVERSION = YES;
				CLANG_WARN_OBJC_ROOT_CLASS = YES_ERROR;
				CLANG_WARN_RANGE_LOOP_ANALYSIS = YES;
				CLANG_WARN_STRICT_PROTOTYPES = YES;
				CLANG_WARN_SUSPICIOUS_MOVE = YES;
				CLANG_WARN_UNGUARDED_AVAILABILITY = YES_AGGRESSIVE;
				CLANG_WARN_UNREACHABLE_CODE = YES;
				CLANG_WARN__DUPLICATE_METHOD_MATCH = YES;
				CODE_SIGN_IDENTITY = "iPhone Developer";
				COPY_PHASE_STRIP = NO;
				DEBUG_INFORMATION_FORMAT = dwarf;
				ENABLE_STRICT_OBJC_MSGSEND = YES;
				ENABLE_TESTABILITY = YES;
				GCC_C_LANGUAGE_STANDARD = gnu11;
				GCC_DYNAMIC_NO_PIC = NO;
				GCC_NO_COMMON_BLOCKS = YES;
				GCC_OPTIMIZATION_LEVEL = 0;
				GCC_PREPROCESSOR_DEFINITIONS = (
					"DEBUG=1",
					"$(inherited)",
				);
				GCC_WARN_64_TO_32_BIT_CONVERSION = YES;
				GCC_WARN_ABOUT_RETURN_TYPE = YES_ERROR;
				GCC_WARN_UNDECLARED_SELECTOR = YES;
				GCC_WARN_UNINITIALIZED_AUTOS = YES_AGGRESSIVE;
				GCC_WARN_UNUSED_FUNCTION = YES;
				GCC_WARN_UNUSED_VARIABLE = YES;
				IPHONEOS_DEPLOYMENT_TARGET = 12.2;
				MTL_ENABLE_DEBUG_INFO = INCLUDE_SOURCE;
				MTL_FAST_MATH = YES;
				ONLY_ACTIVE_ARCH = YES;
				SDKROOT = iphoneos;
			};
			name = Debug;
		};
		5F9DBF21229ED41100E2777B /* Release */ = {
			isa = XCBuildConfiguration;
			buildSettings = {
				ALWAYS_SEARCH_USER_PATHS = NO;
				CLANG_ANALYZER_NONNULL = YES;
				CLANG_ANALYZER_NUMBER_OBJECT_CONVERSION = YES_AGGRESSIVE;
				CLANG_CXX_LANGUAGE_STANDARD = "gnu++14";
				CLANG_CXX_LIBRARY = "libc++";
				CLANG_ENABLE_MODULES = YES;
				CLANG_ENABLE_OBJC_ARC = YES;
				CLANG_ENABLE_OBJC_WEAK = YES;
				CLANG_WARN_BLOCK_CAPTURE_AUTORELEASING = YES;
				CLANG_WARN_BOOL_CONVERSION = YES;
				CLANG_WARN_COMMA = YES;
				CLANG_WARN_CONSTANT_CONVERSION = YES;
				CLANG_WARN_DEPRECATED_OBJC_IMPLEMENTATIONS = YES;
				CLANG_WARN_DIRECT_OBJC_ISA_USAGE = YES_ERROR;
				CLANG_WARN_DOCUMENTATION_COMMENTS = YES;
				CLANG_WARN_EMPTY_BODY = YES;
				CLANG_WARN_ENUM_CONVERSION = YES;
				CLANG_WARN_INFINITE_RECURSION = YES;
				CLANG_WARN_INT_CONVERSION = YES;
				CLANG_WARN_NON_LITERAL_NULL_CONVERSION = YES;
				CLANG_WARN_OBJC_IMPLICIT_RETAIN_SELF = YES;
				CLANG_WARN_OBJC_LITERAL_CONVERSION = YES;
				CLANG_WARN_OBJC_ROOT_CLASS = YES_ERROR;
				CLANG_WARN_RANGE_LOOP_ANALYSIS = YES;
				CLANG_WARN_STRICT_PROTOTYPES = YES;
				CLANG_WARN_SUSPICIOUS_MOVE = YES;
				CLANG_WARN_UNGUARDED_AVAILABILITY = YES_AGGRESSIVE;
				CLANG_WARN_UNREACHABLE_CODE = YES;
				CLANG_WARN__DUPLICATE_METHOD_MATCH = YES;
				CODE_SIGN_IDENTITY = "iPhone Developer";
				COPY_PHASE_STRIP = NO;
				DEBUG_INFORMATION_FORMAT = "dwarf-with-dsym";
				ENABLE_NS_ASSERTIONS = NO;
				ENABLE_STRICT_OBJC_MSGSEND = YES;
				GCC_C_LANGUAGE_STANDARD = gnu11;
				GCC_NO_COMMON_BLOCKS = YES;
				GCC_WARN_64_TO_32_BIT_CONVERSION = YES;
				GCC_WARN_ABOUT_RETURN_TYPE = YES_ERROR;
				GCC_WARN_UNDECLARED_SELECTOR = YES;
				GCC_WARN_UNINITIALIZED_AUTOS = YES_AGGRESSIVE;
				GCC_WARN_UNUSED_FUNCTION = YES;
				GCC_WARN_UNUSED_VARIABLE = YES;
				IPHONEOS_DEPLOYMENT_TARGET = 12.2;
				MTL_ENABLE_DEBUG_INFO = NO;
				MTL_FAST_MATH = YES;
				SDKROOT = iphoneos;
				VALIDATE_PRODUCT = YES;
			};
			name = Release;
		};
		5F9DBF23229ED41100E2777B /* Debug */ = {
			isa = XCBuildConfiguration;
			baseConfigurationReference = 7148762EAFFB1BCA113C7102 /* Pods-RaHPlateKeyboard.debug.xcconfig */;
			buildSettings = {
				ASSETCATALOG_COMPILER_APPICON_NAME = AppIcon;
				CODE_SIGN_IDENTITY = "iPhone Developer";
				CODE_SIGN_STYLE = Automatic;
				DEVELOPMENT_TEAM = TJDBPRA4F4;
				INFOPLIST_FILE = RaHPlateKeyboard/Info.plist;
				LD_RUNPATH_SEARCH_PATHS = (
					"$(inherited)",
					"@executable_path/Frameworks",
				);
				PRODUCT_BUNDLE_IDENTIFIER = CageLin.RaHPlateKeyboard;
				PRODUCT_NAME = "$(TARGET_NAME)";
				PROVISIONING_PROFILE_SPECIFIER = "";
				TARGETED_DEVICE_FAMILY = "1,2";
			};
			name = Debug;
		};
		5F9DBF24229ED41100E2777B /* Release */ = {
			isa = XCBuildConfiguration;
			baseConfigurationReference = 9EC08AB9ECF671158DA2A9D3 /* Pods-RaHPlateKeyboard.release.xcconfig */;
			buildSettings = {
				ASSETCATALOG_COMPILER_APPICON_NAME = AppIcon;
				CODE_SIGN_IDENTITY = "iPhone Developer";
				CODE_SIGN_STYLE = Automatic;
				DEVELOPMENT_TEAM = TJDBPRA4F4;
				INFOPLIST_FILE = RaHPlateKeyboard/Info.plist;
				LD_RUNPATH_SEARCH_PATHS = (
					"$(inherited)",
					"@executable_path/Frameworks",
				);
				PRODUCT_BUNDLE_IDENTIFIER = CageLin.RaHPlateKeyboard;
				PRODUCT_NAME = "$(TARGET_NAME)";
				PROVISIONING_PROFILE_SPECIFIER = "";
				TARGETED_DEVICE_FAMILY = "1,2";
			};
			name = Release;
		};
/* End XCBuildConfiguration section */

/* Begin XCConfigurationList section */
		5F9DBF07229ED40D00E2777B /* Build configuration list for PBXProject "RaHPlateKeyboard" */ = {
			isa = XCConfigurationList;
			buildConfigurations = (
				5F9DBF20229ED41100E2777B /* Debug */,
				5F9DBF21229ED41100E2777B /* Release */,
			);
			defaultConfigurationIsVisible = 0;
			defaultConfigurationName = Release;
		};
		5F9DBF22229ED41100E2777B /* Build configuration list for PBXNativeTarget "RaHPlateKeyboard" */ = {
			isa = XCConfigurationList;
			buildConfigurations = (
				5F9DBF23229ED41100E2777B /* Debug */,
				5F9DBF24229ED41100E2777B /* Release */,
			);
			defaultConfigurationIsVisible = 0;
			defaultConfigurationName = Release;
		};
/* End XCConfigurationList section */
	};
	rootObject = 5F9DBF04229ED40D00E2777B /* Project object */;
}
